# @generated - this file is auto-generated by `mise lock` https://mise.jdx.dev/dev-tools/mise-lock.html

[conda-packages.linux-arm64."_openmp_mutex-4.5-20_gnu"]
url = "https://conda.anaconda.org/conda-forge/linux-aarch64/_openmp_mutex-4.5-20_gnu.conda"
checksum = "sha256:a2527b1d81792a0ccd2c05850960df119c2b6d8f5fdec97f2db7d25dc23b1068"

[conda-packages.linux-arm64."binutils-2.46.1-default_hf1166c9_102"]
url = "https://conda.anaconda.org/conda-forge/linux-aarch64/binutils-2.46.1-default_hf1166c9_102.conda"
checksum = "sha256:548d128bc257badd2d9dbdff8173eb693fcbec84ceeb0fa74cbfed141ed42ad9"

[conda-packages.linux-arm64."binutils_impl_linux-aarch64-2.46.1-default_h5f4c503_102"]
url = "https://conda.anaconda.org/conda-forge/linux-aarch64/binutils_impl_linux-aarch64-2.46.1-default_h5f4c503_102.conda"
checksum = "sha256:eebe159bf600943552e4319ff4ce27b6a2dadf0dcc5443e76dcee9259a408e11"

[conda-packages.linux-arm64."clang-21-21.1.8-default_hd3644b0_5"]
url = "https://conda.anaconda.org/conda-forge/linux-aarch64/clang-21-21.1.8-default_hd3644b0_5.conda"
checksum = "sha256:720b8ecd94f0388b77ba6930103dca1f8f5158a79d57e083f6d1a792e7d9178e"

[conda-packages.linux-arm64."clang-21.1.8-default_cfg_h710bdcc_5"]
url = "https://conda.anaconda.org/conda-forge/linux-aarch64/clang-21.1.8-default_cfg_h710bdcc_5.conda"
checksum = "sha256:6d32f2cf22abb10175e48dda43fb6dd9cecf05b496cdbeb672ab14e89197def1"

[conda-packages.linux-arm64."clang_impl_linux-aarch64-21.1.8-default_h78643bd_5"]
url = "https://conda.anaconda.org/conda-forge/linux-aarch64/clang_impl_linux-aarch64-21.1.8-default_h78643bd_5.conda"
checksum = "sha256:9b6c8f14e0fe1ac68813515af1f67ad0a0456eab3e34a7151d510313110761c9"

[conda-packages.linux-arm64."clangxx_impl_linux-aarch64-21.1.8-default_h78643bd_5"]
url = "https://conda.anaconda.org/conda-forge/linux-aarch64/clangxx_impl_linux-aarch64-21.1.8-default_h78643bd_5.conda"
checksum = "sha256:6332c24d5d83d7550d243f28085021e781da8f85f8af5298fa6bf07c5c52b458"

[conda-packages.linux-arm64."compiler-rt-21.1.8-h8af1aa0_1"]
url = "https://conda.anaconda.org/conda-forge/linux-aarch64/compiler-rt-21.1.8-h8af1aa0_1.conda"
checksum = "sha256:253ad41782ffc1233708562244c388e98ec308001df1e7f26ac683e40ae327ef"

[conda-packages.linux-arm64."compiler-rt21-21.1.8-hfefdfc9_1"]
url = "https://conda.anaconda.org/conda-forge/linux-aarch64/compiler-rt21-21.1.8-hfefdfc9_1.conda"
checksum = "sha256:1fad0358b97eaf52cb58fe217179ce79d0c1b18f5e134e9fc64916a3b889da5f"

[conda-packages.linux-arm64."compiler-rt21_linux-aarch64-21.1.8-hfefdfc9_1"]
url = "https://conda.anaconda.org/conda-forge/noarch/compiler-rt21_linux-aarch64-21.1.8-hfefdfc9_1.conda"
checksum = "sha256:2723ebfff00f4716f37de1bdf109f9cf016238e64f68e08c4c2c23a0aa16d24a"

[conda-packages.linux-arm64."compiler-rt_linux-aarch64-21.1.8-h8af1aa0_1"]
url = "https://conda.anaconda.org/conda-forge/noarch/compiler-rt_linux-aarch64-21.1.8-h8af1aa0_1.conda"
checksum = "sha256:cb5cb5b360a854cb0b166ee956a696bef049e8aeead5af4305795d66d74ddf13"

[conda-packages.linux-arm64."kernel-headers_linux-aarch64-4.18.0-h05a177a_9"]
url = "https://conda.anaconda.org/conda-forge/noarch/kernel-headers_linux-aarch64-4.18.0-h05a177a_9.conda"
checksum = "sha256:5d224bf4df9bac24e69de41897c53756108c5271a0e5d2d2f66fd4e2fbc1d84b"

[conda-packages.linux-arm64."ld_impl_linux-aarch64-2.46.1-default_h1979696_102"]
url = "https://conda.anaconda.org/conda-forge/linux-aarch64/ld_impl_linux-aarch64-2.46.1-default_h1979696_102.conda"
checksum = "sha256:2c4901f4227b0850328ed0c69f958b30ad2cd18982f7a31c7c1f911827004d08"

[conda-packages.linux-arm64."libclang-cpp21.1-21.1.8-default_hd3644b0_5"]
url = "https://conda.anaconda.org/conda-forge/linux-aarch64/libclang-cpp21.1-21.1.8-default_hd3644b0_5.conda"
checksum = "sha256:9ed7def092c79b05ef95d07d307f056a2acdef691c020b4420ba6847aa95373c"

[conda-packages.linux-arm64."libcompiler-rt-21.1.8-hfefdfc9_1"]
url = "https://conda.anaconda.org/conda-forge/linux-aarch64/libcompiler-rt-21.1.8-hfefdfc9_1.conda"
checksum = "sha256:41b51d21aed9ceedb050a4b37b29e57a2932c8f6ff94bc4eac6674ccfd5113df"

[conda-packages.linux-arm64."libgcc-16.1.0-h205dda4_2"]
url = "https://conda.anaconda.org/conda-forge/linux-aarch64/libgcc-16.1.0-h205dda4_2.conda"
checksum = "sha256:8f67a9b2ca7814b9480907bc9875f9643e0880e1a190bede54db88a02eeac76c"

[conda-packages.linux-arm64."libgcc-devel_linux-aarch64-16.1.0-hd673532_102"]
url = "https://conda.anaconda.org/conda-forge/noarch/libgcc-devel_linux-aarch64-16.1.0-hd673532_102.conda"
checksum = "sha256:b501040edd7760c8fd0690797abefae412527f091e302ef7754e3fdd2026c42b"

[conda-packages.linux-arm64."libgomp-16.1.0-h8acb6b2_2"]
url = "https://conda.anaconda.org/conda-forge/linux-aarch64/libgomp-16.1.0-h8acb6b2_2.conda"
checksum = "sha256:c47d48956ab7b399744ae363509dc644ac614b0ad9c000beaeeea8b1c6e258e3"

[conda-packages.linux-arm64."libiconv-1.18-h1ea5142_3"]
url = "https://conda.anaconda.org/conda-forge/linux-aarch64/libiconv-1.18-h1ea5142_3.conda"
checksum = "sha256:d22c666eb887afd2119aac2110e23a0e817e9391bda99293421f7c46dab1564c"

[conda-packages.linux-arm64."libllvm21-21.1.8-hfd2ba90_0"]
url = "https://conda.anaconda.org/conda-forge/linux-aarch64/libllvm21-21.1.8-hfd2ba90_0.conda"
checksum = "sha256:5af18365698a9093a81490de16c97a0af5318e20086b74998718f1e5d7566e74"

[conda-packages.linux-arm64."liblzma-5.8.3-he30d5cf_1"]
url = "https://conda.anaconda.org/conda-forge/linux-aarch64/liblzma-5.8.3-he30d5cf_1.conda"
checksum = "sha256:f760669fd1cea27f689f411c0d5488e26ce50e382c9b63e4ad348f959850124a"

[conda-packages.linux-arm64."libstdcxx-16.1.0-hef695bb_2"]
url = "https://conda.anaconda.org/conda-forge/linux-aarch64/libstdcxx-16.1.0-hef695bb_2.conda"
checksum = "sha256:ebe8a5794162ec1603c43eadc23f0feaaf4894bcc52e9061c4d452237a6b3c99"

[conda-packages.linux-arm64."libstdcxx-devel_linux-aarch64-16.1.0-h2445e1f_102"]
url = "https://conda.anaconda.org/conda-forge/noarch/libstdcxx-devel_linux-aarch64-16.1.0-h2445e1f_102.conda"
checksum = "sha256:3bc11bc5763bbd3155f07146314440ab3a074483b06b0f9b6b4120dce41e163e"

[conda-packages.linux-arm64."libxml2-16-2.15.3-h064b767_0"]
url = "https://conda.anaconda.org/conda-forge/linux-aarch64/libxml2-16-2.15.3-h064b767_0.conda"
checksum = "sha256:96e9bd642c013ce3407c23b3819204ea8a591567d62b49baa4bafb2f1487326c"

[conda-packages.linux-arm64."libxml2-2.15.3-h9ba8346_0"]
url = "https://conda.anaconda.org/conda-forge/linux-aarch64/libxml2-2.15.3-h9ba8346_0.conda"
checksum = "sha256:74aa3c62e0ec4491343b95ce4ca8812ad2f9bb015369e29cb3b4b9b4302d8cb0"

[conda-packages.linux-arm64."libzlib-1.3.2-hdc9db2a_3"]
url = "https://conda.anaconda.org/conda-forge/linux-aarch64/libzlib-1.3.2-hdc9db2a_3.conda"
checksum = "sha256:76efa6cc9d7e6f5ee3bbca0939f64054af2bdfb3c3632531f8e633cf6c2ea41e"

[conda-packages.linux-arm64."llvm-openmp-22.1.8-he40846f_0"]
url = "https://conda.anaconda.org/conda-forge/linux-aarch64/llvm-openmp-22.1.8-he40846f_0.conda"
checksum = "sha256:30bbb0ce4ae7cebbeb9801af5bbd2a29f8627237a38d08fc5d8d800e79c817aa"

[conda-packages.linux-arm64."sysroot_linux-aarch64-2.28-h585391f_9"]
url = "https://conda.anaconda.org/conda-forge/noarch/sysroot_linux-aarch64-2.28-h585391f_9.conda"
checksum = "sha256:1bd2db6b2e451247bab103e4a0128cf6c7595dd72cb26d70f7fadd9edd1d1bc3"

[conda-packages.linux-arm64.tzdata-2026c-h151e31d_0]
url = "https://conda.anaconda.org/conda-forge/noarch/tzdata-2026c-h151e31d_0.conda"
checksum = "sha256:b928c30ddcb0e3f544c6eade8352737e6e610e263276b90232db6a578ef899d8"

[conda-packages.linux-arm64."zstd-1.5.7-h9d15635_7"]
url = "https://conda.anaconda.org/conda-forge/linux-aarch64/zstd-1.5.7-h9d15635_7.conda"
checksum = "sha256:427fd14bcb3b8659796fecc682716617409350fb5a98e5b7b47558a10d1a2fc7"

[conda-packages.linux-x64."_openmp_mutex-4.5-20_gnu"]
url = "https://conda.anaconda.org/conda-forge/linux-64/_openmp_mutex-4.5-20_gnu.conda"
checksum = "sha256:1dd3fffd892081df9726d7eb7e0dea6198962ba775bd88842135a4ddb4deb3c9"

[conda-packages.linux-x64."binutils-2.46.1-default_h4852527_102"]
url = "https://conda.anaconda.org/conda-forge/linux-64/binutils-2.46.1-default_h4852527_102.conda"
checksum = "sha256:659c367ef49df7741749a2ad240b007d7df51b4f210505a78543deafb001e44c"

[conda-packages.linux-x64."binutils_impl_linux-64-2.46.1-default_hfdba357_102"]
url = "https://conda.anaconda.org/conda-forge/linux-64/binutils_impl_linux-64-2.46.1-default_hfdba357_102.conda"
checksum = "sha256:fb7bf36984a37ce7e4714d1d1da0bd0e3bfc679520f5cdc184afc676fd4b5da2"

[conda-packages.linux-x64."clang-21-21.1.8-default_h4f0048e_5"]
url = "https://conda.anaconda.org/conda-forge/linux-64/clang-21-21.1.8-default_h4f0048e_5.conda"
checksum = "sha256:54c8c466519669432d7d3d6274917d44b046f79d2e6df94d2492d6f7c6ee54be"

[conda-packages.linux-x64."clang-21.1.8-default_cfg_hfed155c_5"]
url = "https://conda.anaconda.org/conda-forge/linux-64/clang-21.1.8-default_cfg_hfed155c_5.conda"
checksum = "sha256:af1ef47925b90e2aa5bc429594c0c86466df923c8a1db18838a68edaff81642f"

[conda-packages.linux-x64."clang_impl_linux-64-21.1.8-default_hbd963a2_5"]
url = "https://conda.anaconda.org/conda-forge/linux-64/clang_impl_linux-64-21.1.8-default_hbd963a2_5.conda"
checksum = "sha256:caf03575693392501e144540b28c59369808e1646da52b2f9cd41efe66209c86"

[conda-packages.linux-x64."clangxx_impl_linux-64-21.1.8-default_hbd963a2_5"]
url = "https://conda.anaconda.org/conda-forge/linux-64/clangxx_impl_linux-64-21.1.8-default_hbd963a2_5.conda"
checksum = "sha256:33f88da8d59844725546ebd400d4fac74f1eee0213ac21dfb2e37b0ad38c42e2"

[conda-packages.linux-x64."compiler-rt-21.1.8-ha770c72_1"]
url = "https://conda.anaconda.org/conda-forge/linux-64/compiler-rt-21.1.8-ha770c72_1.conda"
checksum = "sha256:858d6848e0b078c32e3a809d6d0e2d0ab9fc3069a567f117fd3dc71f9205e6d0"

[conda-packages.linux-x64."compiler-rt21-21.1.8-hb700be7_1"]
url = "https://conda.anaconda.org/conda-forge/linux-64/compiler-rt21-21.1.8-hb700be7_1.conda"
checksum = "sha256:ea3adf9924c6d52c9ba0767556e23f436b1619a99247aeda04f7d0907e9726b3"

[conda-packages.linux-x64."compiler-rt21_linux-64-21.1.8-hffcefe0_1"]
url = "https://conda.anaconda.org/conda-forge/noarch/compiler-rt21_linux-64-21.1.8-hffcefe0_1.conda"
checksum = "sha256:65b0721f97be14265c8329ecb4e78a7e1233d0229878ffca5d15b98d90ba3977"

[conda-packages.linux-x64."compiler-rt_linux-64-21.1.8-ha770c72_1"]
url = "https://conda.anaconda.org/conda-forge/noarch/compiler-rt_linux-64-21.1.8-ha770c72_1.conda"
checksum = "sha256:ba879743bae391ca774716a8db60c7b36c8c14fdc6f83535602ce303c27b985d"

[conda-packages.linux-x64."icu-78.3-py310h44b86e0_2"]
url = "https://conda.anaconda.org/conda-forge/linux-64/icu-78.3-py310h44b86e0_2.conda"
checksum = "sha256:9f07834f0c546ab14d885ce0366285f61f44e326c0edd1fc63b8294e113ae432"

[conda-packages.linux-x64."kernel-headers_linux-64-4.18.0-he073ed8_9"]
url = "https://conda.anaconda.org/conda-forge/noarch/kernel-headers_linux-64-4.18.0-he073ed8_9.conda"
checksum = "sha256:41557eeadf641de6aeae49486cef30d02a6912d8da98585d687894afd65b356a"

[conda-packages.linux-x64."ld_impl_linux-64-2.46.1-default_hbd61a6d_102"]
url = "https://conda.anaconda.org/conda-forge/linux-64/ld_impl_linux-64-2.46.1-default_hbd61a6d_102.conda"
checksum = "sha256:27d83f1188cd19bcb7754a078b3fa7f4cfb8527f8eb2fde54dd01fc529d1adec"

[conda-packages.linux-x64."libclang-cpp21.1-21.1.8-default_h4f0048e_5"]
url = "https://conda.anaconda.org/conda-forge/linux-64/libclang-cpp21.1-21.1.8-default_h4f0048e_5.conda"
checksum = "sha256:6d01361d44eefea7cb656b4d2b6dd8be2bcf51730278b6ba8cc656c34012688f"

[conda-packages.linux-x64."libcompiler-rt-21.1.8-hb700be7_1"]
url = "https://conda.anaconda.org/conda-forge/linux-64/libcompiler-rt-21.1.8-hb700be7_1.conda"
checksum = "sha256:6f76c19dd29c2d2916e919d01e929717a7c88145523c6dffe8619f3c8bb2f9eb"

[conda-packages.linux-x64."libgcc-16.1.0-ha9f2e26_2"]
url = "https://conda.anaconda.org/conda-forge/linux-64/libgcc-16.1.0-ha9f2e26_2.conda"
checksum = "sha256:4b733b68027a638fd24a38aaed1ebb05e055bef694970fab745b1c7678ca16f1"

[conda-packages.linux-x64."libgcc-devel_linux-64-16.1.0-h59071f9_102"]
url = "https://conda.anaconda.org/conda-forge/noarch/libgcc-devel_linux-64-16.1.0-h59071f9_102.conda"
checksum = "sha256:6bc83b1cbb82292da5e2307baa6ca35c70b94713a6c8bb7571c3b84dc7c13a2e"

[conda-packages.linux-x64."libgomp-16.1.0-he0feb66_2"]
url = "https://conda.anaconda.org/conda-forge/linux-64/libgomp-16.1.0-he0feb66_2.conda"
checksum = "sha256:7d4d1891d5fe5d75a73dd7268e8f2d7c11b7b637dea901a429f8056511960267"

[conda-packages.linux-x64."libiconv-1.18-h0cb94f2_3"]
url = "https://conda.anaconda.org/conda-forge/linux-64/libiconv-1.18-h0cb94f2_3.conda"
checksum = "sha256:f943117edb9cd4d9c61cc972eee5a34291dc55ea7a6e9e38da104995841cbcb6"

[conda-packages.linux-x64."libllvm21-21.1.8-hf7376ad_0"]
url = "https://conda.anaconda.org/conda-forge/linux-64/libllvm21-21.1.8-hf7376ad_0.conda"
checksum = "sha256:91bb4f5be1601b40b4995911d785e29387970f0b3c80f33f7f9028f95335399f"

[conda-packages.linux-x64."liblzma-5.8.3-hb03c661_1"]
url = "https://conda.anaconda.org/conda-forge/linux-64/liblzma-5.8.3-hb03c661_1.conda"
checksum = "sha256:9787df8c22a59c9a70d3e5a10db9ad663485e75e9ccc3f09bd092cb7b95e0dab"

[conda-packages.linux-x64."libstdcxx-16.1.0-h934c35e_2"]
url = "https://conda.anaconda.org/conda-forge/linux-64/libstdcxx-16.1.0-h934c35e_2.conda"
checksum = "sha256:af96a5fcf1ce0659d257ababc1b8d0bbb698250e8140c6b8352f60d3be075392"

[conda-packages.linux-x64."libstdcxx-devel_linux-64-16.1.0-h41cdd0d_102"]
url = "https://conda.anaconda.org/conda-forge/noarch/libstdcxx-devel_linux-64-16.1.0-h41cdd0d_102.conda"
checksum = "sha256:fa3399192aa567a85c7fa698990c5a8412d0c5d06d0a787dce900725d2fa1760"

[conda-packages.linux-x64."libxml2-16-2.15.3-hca6bf5a_0"]
url = "https://conda.anaconda.org/conda-forge/linux-64/libxml2-16-2.15.3-hca6bf5a_0.conda"
checksum = "sha256:3d44f737c5ae52d5af32682cc1530df433f401f8e58a7533926536244127572a"

[conda-packages.linux-x64."libxml2-2.15.3-h49c6c72_0"]
url = "https://conda.anaconda.org/conda-forge/linux-64/libxml2-2.15.3-h49c6c72_0.conda"
checksum = "sha256:3bc5551720c58591f6ea1146f7d1539c734ed1c40e7b9f5cb8cb7e900c509aba"

[conda-packages.linux-x64."libzlib-1.3.2-h25fd6f3_3"]
url = "https://conda.anaconda.org/conda-forge/linux-64/libzlib-1.3.2-h25fd6f3_3.conda"
checksum = "sha256:eb8a0db0aa570124f7d2a93d7c7f596e3390df5e047818d873baad32985fc736"

[conda-packages.linux-x64."llvm-openmp-22.1.8-h4922eb0_0"]
url = "https://conda.anaconda.org/conda-forge/linux-64/llvm-openmp-22.1.8-h4922eb0_0.conda"
checksum = "sha256:a37aba21b85800af1e7c5b04ba76abab96b6e591eedf99dc6e4df83b0fefd7a5"

[conda-packages.linux-x64."sysroot_linux-64-2.28-h4ee821c_9"]
url = "https://conda.anaconda.org/conda-forge/noarch/sysroot_linux-64-2.28-h4ee821c_9.conda"
checksum = "sha256:c47299fe37aebb0fcf674b3be588e67e4afb86225be4b0d452c7eb75c086b851"

[conda-packages.linux-x64.tzdata-2026c-h151e31d_0]
url = "https://conda.anaconda.org/conda-forge/noarch/tzdata-2026c-h151e31d_0.conda"
checksum = "sha256:b928c30ddcb0e3f544c6eade8352737e6e610e263276b90232db6a578ef899d8"

[conda-packages.linux-x64."zstd-1.5.7-hb78ec9c_7"]
url = "https://conda.anaconda.org/conda-forge/linux-64/zstd-1.5.7-hb78ec9c_7.conda"
checksum = "sha256:47d682b9f6d6ec9eb1a6e6c3e75ea6273e899e78fb7fc59f81d39745009fbc60"

[conda-packages.macos-arm64."ca-certificates-2026.7.22-hbd8a1cb_0"]
url = "https://conda.anaconda.org/conda-forge/noarch/ca-certificates-2026.7.22-hbd8a1cb_0.conda"
checksum = "sha256:0a0544cf95f64394fe4959286f5c71f5444ad58feb0602e53becb27448d24da6"

[conda-packages.macos-arm64."cctools-1030.6.3-llvm21_1_h8e84c17_5"]
url = "https://conda.anaconda.org/conda-forge/osx-arm64/cctools-1030.6.3-llvm21_1_h8e84c17_5.conda"
checksum = "sha256:0b037cdd8ff574b4fecaaf6dcad0336db6c581f638962c4330edbe189ee5b5e8"

[conda-packages.macos-arm64."cctools_impl_osx-arm64-1030.6.3-llvm21_1_hed50fe2_5"]
url = "https://conda.anaconda.org/conda-forge/osx-arm64/cctools_impl_osx-arm64-1030.6.3-llvm21_1_hed50fe2_5.conda"
checksum = "sha256:3ea1db9d3a912a4c53b4bccc9a44e75d4cc25561f574117922894dbffe96c542"

[conda-packages.macos-arm64."clang-21-21.1.8-default_hc8afa7b_5"]
url = "https://conda.anaconda.org/conda-forge/osx-arm64/clang-21-21.1.8-default_hc8afa7b_5.conda"
checksum = "sha256:f4744f0cfc9ae1fec338fc50eb751dc110291dcb0f38a0f5e942944f3fad1cfd"

[conda-packages.macos-arm64."clang-21.1.8-default_cfg_h7f0254a_5"]
url = "https://conda.anaconda.org/conda-forge/osx-arm64/clang-21.1.8-default_cfg_h7f0254a_5.conda"
checksum = "sha256:fc228df2a7a6368648bb50176eb36e668cb105ebf8ec4fb17cf78b944f2d3e87"

[conda-packages.macos-arm64."clang_impl_osx-arm64-21.1.8-default_hc11f16d_5"]
url = "https://conda.anaconda.org/conda-forge/osx-arm64/clang_impl_osx-arm64-21.1.8-default_hc11f16d_5.conda"
checksum = "sha256:1cc19444e06a3474f516fbe36bc50034aa921404adbc89d4717d5bdbeaa33f8d"

[conda-packages.macos-arm64."clangxx_impl_osx-arm64-21.1.8-default_hc11f16d_5"]
url = "https://conda.anaconda.org/conda-forge/osx-arm64/clangxx_impl_osx-arm64-21.1.8-default_hc11f16d_5.conda"
checksum = "sha256:216d766cb629e855758a8cfb9eccbe61ee9bcc5bb372e0ff9351d00e70b01783"

[conda-packages.macos-arm64."compiler-rt-21.1.8-hce30654_1"]
url = "https://conda.anaconda.org/conda-forge/osx-arm64/compiler-rt-21.1.8-hce30654_1.conda"
checksum = "sha256:fe04ecafd3b98ae6aa578421210cb702000417d5b439aa3b0f308e6c62fe8524"

[conda-packages.macos-arm64."compiler-rt21-21.1.8-h855ad52_1"]
url = "https://conda.anaconda.org/conda-forge/osx-arm64/compiler-rt21-21.1.8-h855ad52_1.conda"
checksum = "sha256:1b304f15cf41cb41effa330b9dd9281fb2957b6c7c8748f760e0a342cbe46f51"

[conda-packages.macos-arm64."compiler-rt21_osx-arm64-21.1.8-h2514db7_1"]
url = "https://conda.anaconda.org/conda-forge/noarch/compiler-rt21_osx-arm64-21.1.8-h2514db7_1.conda"
checksum = "sha256:fba6feccaf5020df8785d8286f82d1bc8362d70b2826105a35bee30abe57d923"

[conda-packages.macos-arm64."compiler-rt_osx-arm64-21.1.8-hce30654_1"]
url = "https://conda.anaconda.org/conda-forge/noarch/compiler-rt_osx-arm64-21.1.8-hce30654_1.conda"
checksum = "sha256:eb1ecac5cd526ba1cee9d028288d6a5a38dd7486c92b9f71b43b91ae13f0b37e"

[conda-packages.macos-arm64."ld64-956.6-llvm21_1_h5d6df6c_5"]
url = "https://conda.anaconda.org/conda-forge/osx-arm64/ld64-956.6-llvm21_1_h5d6df6c_5.conda"
checksum = "sha256:ed3d70fa7ebfaef46dfacb335ca65af7cc64e37ec16128ef41d7701f8809e04d"

[conda-packages.macos-arm64."ld64_osx-arm64-956.6-llvm21_1_h3eeb6b3_5"]
url = "https://conda.anaconda.org/conda-forge/osx-arm64/ld64_osx-arm64-956.6-llvm21_1_h3eeb6b3_5.conda"
checksum = "sha256:98bd7716cd0e8210561339a2e0e02e4088feebf00e6b8f534ad47cb5e2b9a996"

[conda-packages.macos-arm64."libclang-cpp21.1-21.1.8-default_hc8afa7b_5"]
url = "https://conda.anaconda.org/conda-forge/osx-arm64/libclang-cpp21.1-21.1.8-default_hc8afa7b_5.conda"
checksum = "sha256:63ba61c59ec493100ab6ba2ce39d7e3a9457da685e3d6d3055de189f957abbf2"

[conda-packages.macos-arm64."libcompiler-rt-21.1.8-h855ad52_1"]
url = "https://conda.anaconda.org/conda-forge/osx-arm64/libcompiler-rt-21.1.8-h855ad52_1.conda"
checksum = "sha256:a69187930298d4e6a0228587cbd6304d2b938117f969e2307cd33f8b5b920214"

[conda-packages.macos-arm64."libcxx-22.1.8-h55c6f16_0"]
url = "https://conda.anaconda.org/conda-forge/osx-arm64/libcxx-22.1.8-h55c6f16_0.conda"
checksum = "sha256:a2e7abab5add9750fab064c024394de48e49f97631c605ad5db5c8ac3fc769ef"

[conda-packages.macos-arm64."libcxx-devel-21.1.8-h6dc3340_3"]
url = "https://conda.anaconda.org/conda-forge/osx-arm64/libcxx-devel-21.1.8-h6dc3340_3.conda"
checksum = "sha256:22b496dc6e766dd2829031cb88bc0e80cf72c27a210558c66af391dcdf78b823"

[conda-packages.macos-arm64."libcxx-headers-21.1.8-h707e725_3"]
url = "https://conda.anaconda.org/conda-forge/noarch/libcxx-headers-21.1.8-h707e725_3.conda"
checksum = "sha256:35702bbe8e26658df7fd4d31af441c653922356d291d093abfc32bc4b65c7900"

[conda-packages.macos-arm64."libiconv-1.18-he4c29f2_3"]
url = "https://conda.anaconda.org/conda-forge/osx-arm64/libiconv-1.18-he4c29f2_3.conda"
checksum = "sha256:689a14968267f2f97c07112fca5636e7d756036b9aee969911267c20bd3eea1f"

[conda-packages.macos-arm64."libllvm21-21.1.8-h8e0c9ce_0"]
url = "https://conda.anaconda.org/conda-forge/osx-arm64/libllvm21-21.1.8-h8e0c9ce_0.conda"
checksum = "sha256:3f4512155aca799a25937f9ee794490794fb33f8f90a5e6532d8be869e7d79a0"

[conda-packages.macos-arm64."liblzma-5.8.3-h8088a28_1"]
url = "https://conda.anaconda.org/conda-forge/osx-arm64/liblzma-5.8.3-h8088a28_1.conda"
checksum = "sha256:23d0630046a3e8b164d8f80f2b74ed2605af2e7050ab9913018056402fae4311"

[conda-packages.macos-arm64."libsigtool-0.1.3-h98dc951_1"]
url = "https://conda.anaconda.org/conda-forge/osx-arm64/libsigtool-0.1.3-h98dc951_1.conda"
checksum = "sha256:fcfa03afe31f40dfabf011629d99836adbebbc3ed1b38c7e9eee9ffc7581975b"

[conda-packages.macos-arm64."libxml2-16-2.15.3-h6967ea9_0"]
url = "https://conda.anaconda.org/conda-forge/osx-arm64/libxml2-16-2.15.3-h6967ea9_0.conda"
checksum = "sha256:43895a7517c055b8893531290f9dc48bd751eb04be04f14bbce3b6c71b052be6"

[conda-packages.macos-arm64."libxml2-2.15.3-heed7d32_0"]
url = "https://conda.anaconda.org/conda-forge/osx-arm64/libxml2-2.15.3-heed7d32_0.conda"
checksum = "sha256:4d9c117b2dd222cf891710d5f6a570ebb275479979843a1477ac54ed50907b40"

[conda-packages.macos-arm64."libzlib-1.3.2-h8088a28_3"]
url = "https://conda.anaconda.org/conda-forge/osx-arm64/libzlib-1.3.2-h8088a28_3.conda"
checksum = "sha256:a18fa5d5bac452401459f966cf0d872224e8080c4ff93c77e168d43ab42ef9d7"

[conda-packages.macos-arm64."llvm-openmp-22.1.8-hc7d1edf_0"]
url = "https://conda.anaconda.org/conda-forge/osx-arm64/llvm-openmp-22.1.8-hc7d1edf_0.conda"
checksum = "sha256:ccbaad6bbc88f135ab849bc36af5fa6eda36a9ed18ce6f58e3dde3d11784c156"

[conda-packages.macos-arm64."llvm-tools-21-21.1.8-h91fd4e7_0"]
url = "https://conda.anaconda.org/conda-forge/osx-arm64/llvm-tools-21-21.1.8-h91fd4e7_0.conda"
checksum = "sha256:78fdd7b8733f120bc5b4103e621098db3d4d4cb365ff7d6ed79ef32e7cf7dbc7"

[conda-packages.macos-arm64."llvm-tools-21.1.8-h855ad52_0"]
url = "https://conda.anaconda.org/conda-forge/osx-arm64/llvm-tools-21.1.8-h855ad52_0.conda"
checksum = "sha256:23f0f093a9eb01d86b31f64f79b366e8dcd81942a70e4bd4cfed1012e6e3a12c"

[conda-packages.macos-arm64."ncurses-6.6-he64c551_1"]
url = "https://conda.anaconda.org/conda-forge/osx-arm64/ncurses-6.6-he64c551_1.conda"
checksum = "sha256:7024a48c8c0d0114ed4ab53c76bf9275d50e91ba7cea367a9aead638d3c29c68"

[conda-packages.macos-arm64."openssl-3.6.3-hd24854e_1"]
url = "https://conda.anaconda.org/conda-forge/osx-arm64/openssl-3.6.3-hd24854e_1.conda"
checksum = "sha256:66be2283b5b37dcda1332b5e74c1782a8cb14fd2e62e0d38017c2d35bf73c119"

[conda-packages.macos-arm64."sigtool-codesign-0.1.3-h98dc951_1"]
url = "https://conda.anaconda.org/conda-forge/osx-arm64/sigtool-codesign-0.1.3-h98dc951_1.conda"
checksum = "sha256:7efd6d7d18bf9cc5788bfe1c1e1620d9dbbe00a81c646814929a82ff31944cf3"

[conda-packages.macos-arm64."tapi-1600.0.11.8-hb561403_3"]
url = "https://conda.anaconda.org/conda-forge/osx-arm64/tapi-1600.0.11.8-hb561403_3.conda"
checksum = "sha256:9f1cc109e6e57861110e9de6e03beca7fd2b7fbdb46124cccc07990b0844d88a"

[conda-packages.macos-arm64."zstd-1.5.7-hf451053_7"]
url = "https://conda.anaconda.org/conda-forge/osx-arm64/zstd-1.5.7-hf451053_7.conda"
checksum = "sha256:da867f5092eb0cb746d353694f0098031fd9817a4ce7d5743121209ae0f406ca"

[conda-packages.macos-x64."ca-certificates-2026.7.22-hbd8a1cb_0"]
url = "https://conda.anaconda.org/conda-forge/noarch/ca-certificates-2026.7.22-hbd8a1cb_0.conda"
checksum = "sha256:0a0544cf95f64394fe4959286f5c71f5444ad58feb0602e53becb27448d24da6"

[conda-packages.macos-x64."cctools-1030.6.3-llvm21_1_he201b2c_5"]
url = "https://conda.anaconda.org/conda-forge/osx-64/cctools-1030.6.3-llvm21_1_he201b2c_5.conda"
checksum = "sha256:8cbed84cfbb6e6a65450090f4a72d6c484462bfb6a08c35f7b773f7f4d1279c0"

[conda-packages.macos-x64."cctools_impl_osx-64-1030.6.3-llvm21_1_h3a5a8ea_5"]
url = "https://conda.anaconda.org/conda-forge/osx-64/cctools_impl_osx-64-1030.6.3-llvm21_1_h3a5a8ea_5.conda"
checksum = "sha256:d3a43481ee8b75cbec9edaa927a8250090a6f0b47f37e93eb15690a40768a508"

[conda-packages.macos-x64."clang-21-21.1.8-default_he2ff43c_5"]
url = "https://conda.anaconda.org/conda-forge/osx-64/clang-21-21.1.8-default_he2ff43c_5.conda"
checksum = "sha256:b04257de0fbf84e79c1d7a1159f1a95b664829432dfcdf2252c87c1bed7c3b48"

[conda-packages.macos-x64."clang-21.1.8-default_cfg_he3ef750_5"]
url = "https://conda.anaconda.org/conda-forge/osx-64/clang-21.1.8-default_cfg_he3ef750_5.conda"
checksum = "sha256:088552312c68334b5fb9849b4389009d14a1290ce5cf91d1088fa861427a0959"

[conda-packages.macos-x64."clang_impl_osx-64-21.1.8-default_ha1a018a_5"]
url = "https://conda.anaconda.org/conda-forge/osx-64/clang_impl_osx-64-21.1.8-default_ha1a018a_5.conda"
checksum = "sha256:85a0f4415296da89aada2b0d9c4ad6249051e2db23ae05c62b0fd7d4a7b7dd64"

[conda-packages.macos-x64."clangxx_impl_osx-64-21.1.8-default_ha1a018a_5"]
url = "https://conda.anaconda.org/conda-forge/osx-64/clangxx_impl_osx-64-21.1.8-default_ha1a018a_5.conda"
checksum = "sha256:51543ea39d72a6d5d5dbff45c0cc04ae8a768d77b560f0c987030c20fa2fe53a"

[conda-packages.macos-x64."compiler-rt-21.1.8-h694c41f_1"]
url = "https://conda.anaconda.org/conda-forge/osx-64/compiler-rt-21.1.8-h694c41f_1.conda"
checksum = "sha256:abf5ec8eb51093b365d76c4c9e7b97b96350316e98f7d49da827e778fdcc548d"

[conda-packages.macos-x64."compiler-rt21-21.1.8-he914875_1"]
url = "https://conda.anaconda.org/conda-forge/osx-64/compiler-rt21-21.1.8-he914875_1.conda"
checksum = "sha256:350ee43237521754332648a2b936b9a068ab71ebb800186ce3c2494c272c7b24"

[conda-packages.macos-x64."compiler-rt21_osx-64-21.1.8-he0f92a2_1"]
url = "https://conda.anaconda.org/conda-forge/noarch/compiler-rt21_osx-64-21.1.8-he0f92a2_1.conda"
checksum = "sha256:dddf4a7bc38f7db8c20a090882fa62839f1845bcd24d3993dd6a26bbbf632534"

[conda-packages.macos-x64."compiler-rt_osx-64-21.1.8-h694c41f_1"]
url = "https://conda.anaconda.org/conda-forge/noarch/compiler-rt_osx-64-21.1.8-h694c41f_1.conda"
checksum = "sha256:e1a3d3aa7efa3a0e86bd9da4f3c5f2cfc2ae0d8ddc55b5746452f4fcd7cb1b19"

[conda-packages.macos-x64."ld64-956.6-llvm21_1_h2eed689_5"]
url = "https://conda.anaconda.org/conda-forge/osx-64/ld64-956.6-llvm21_1_h2eed689_5.conda"
checksum = "sha256:e93bcefb832f0955c98cd0c92af6b222831a74ac3f5a9ae812fff2f48f11f3f4"

[conda-packages.macos-x64."ld64_osx-64-956.6-llvm21_1_h1a26d5e_5"]
url = "https://conda.anaconda.org/conda-forge/osx-64/ld64_osx-64-956.6-llvm21_1_h1a26d5e_5.conda"
checksum = "sha256:eabdc0c40fe50fdb856b199bc27b284080ab02a3df7fe07623a7d3b5aa4e0d30"

[conda-packages.macos-x64."libclang-cpp21.1-21.1.8-default_he2ff43c_5"]
url = "https://conda.anaconda.org/conda-forge/osx-64/libclang-cpp21.1-21.1.8-default_he2ff43c_5.conda"
checksum = "sha256:d26063a8aa1600f9ce047f3028b2f549082705a9c91144a3f8d5de4e958a6404"

[conda-packages.macos-x64."libcompiler-rt-21.1.8-he914875_1"]
url = "https://conda.anaconda.org/conda-forge/osx-64/libcompiler-rt-21.1.8-he914875_1.conda"
checksum = "sha256:79380375b0575558911b2a033626ce67068571dd370f83b9adae5abb2c4a0e5d"

[conda-packages.macos-x64."libcxx-22.1.8-h19cb2f5_0"]
url = "https://conda.anaconda.org/conda-forge/osx-64/libcxx-22.1.8-h19cb2f5_0.conda"
checksum = "sha256:57ee997f1f800cf38abc743c0f0a9ddfe6a101c697c35510452ce6f4ddf96361"

[conda-packages.macos-x64."libcxx-devel-21.1.8-h7c275be_3"]
url = "https://conda.anaconda.org/conda-forge/osx-64/libcxx-devel-21.1.8-h7c275be_3.conda"
checksum = "sha256:b138a152d319cb83025e7d720c81980c5da9ee313a58c9b2b60e977c2ef495eb"

[conda-packages.macos-x64."libcxx-headers-21.1.8-h707e725_3"]
url = "https://conda.anaconda.org/conda-forge/noarch/libcxx-headers-21.1.8-h707e725_3.conda"
checksum = "sha256:35702bbe8e26658df7fd4d31af441c653922356d291d093abfc32bc4b65c7900"

[conda-packages.macos-x64."libiconv-1.18-h4ae439b_3"]
url = "https://conda.anaconda.org/conda-forge/osx-64/libiconv-1.18-h4ae439b_3.conda"
checksum = "sha256:2389e03a58ed0f5e8f2469eb4d4ba80d0af378b38854ae5eee65e5b641244082"

[conda-packages.macos-x64."libllvm21-21.1.8-h56e7563_0"]
url = "https://conda.anaconda.org/conda-forge/osx-64/libllvm21-21.1.8-h56e7563_0.conda"
checksum = "sha256:b98962b93624f52399aa748cc66dea7d6aae0a20db6decadc979db151928d214"

[conda-packages.macos-x64."liblzma-5.8.3-hbb4bfdb_1"]
url = "https://conda.anaconda.org/conda-forge/osx-64/liblzma-5.8.3-hbb4bfdb_1.conda"
checksum = "sha256:7915dac7c71c208e40e716e2f6d3eff41a8d5584e0e7c2d46f9bf9bd5f9aa739"

[conda-packages.macos-x64."libsigtool-0.1.3-h8c25ef7_1"]
url = "https://conda.anaconda.org/conda-forge/osx-64/libsigtool-0.1.3-h8c25ef7_1.conda"
checksum = "sha256:c3d76ff04ebed64d00a7ff5106297a55af20082a3d3df0ea7dfb235f94ba31c3"

[conda-packages.macos-x64."libxml2-16-2.15.3-h0d7f165_0"]
url = "https://conda.anaconda.org/conda-forge/osx-64/libxml2-16-2.15.3-h0d7f165_0.conda"
checksum = "sha256:daa69a1dd887b2dbac44327bc5af73a4d41fa63bc6dc609782fdda9aec187895"

[conda-packages.macos-x64."libxml2-2.15.3-h0712280_0"]
url = "https://conda.anaconda.org/conda-forge/osx-64/libxml2-2.15.3-h0712280_0.conda"
checksum = "sha256:caf6e73fa53c3dec3227ea67de231b0f7009544252684e816c6f2f414aeb55c9"

[conda-packages.macos-x64."libzlib-1.3.2-hbb4bfdb_3"]
url = "https://conda.anaconda.org/conda-forge/osx-64/libzlib-1.3.2-hbb4bfdb_3.conda"
checksum = "sha256:b2dba286dd6632292b12296e761193b5ef9fb0eaeecaa481f5ba9af72c0c18e1"

[conda-packages.macos-x64."llvm-openmp-22.1.8-h0d3cbff_0"]
url = "https://conda.anaconda.org/conda-forge/osx-64/llvm-openmp-22.1.8-h0d3cbff_0.conda"
checksum = "sha256:7e8dcf03c2ef5491405d6d86eb892d14e99902f50f4eeb250db0cbdc58dd5818"

[conda-packages.macos-x64."llvm-tools-21-21.1.8-h879f4bc_0"]
url = "https://conda.anaconda.org/conda-forge/osx-64/llvm-tools-21-21.1.8-h879f4bc_0.conda"
checksum = "sha256:42baccb4336c153575ffcea12517842218928b383a380124091d27c5262898ca"

[conda-packages.macos-x64."llvm-tools-21.1.8-hb0207f0_0"]
url = "https://conda.anaconda.org/conda-forge/osx-64/llvm-tools-21.1.8-hb0207f0_0.conda"
checksum = "sha256:9c8be4c0429137ed3ed71f0d85119485acddd3ff0490cc49b2248de455539a07"

[conda-packages.macos-x64."ncurses-6.6-hcc0dc9a_1"]
url = "https://conda.anaconda.org/conda-forge/osx-64/ncurses-6.6-hcc0dc9a_1.conda"
checksum = "sha256:12c1d676b9a0e8109b576672519312c5428308f3f3d7706f8717e2f536d5d9e7"

[conda-packages.macos-x64."openssl-3.6.3-hc881268_1"]
url = "https://conda.anaconda.org/conda-forge/osx-64/openssl-3.6.3-hc881268_1.conda"
checksum = "sha256:d43abd09a455847108fc821e81cf4e36dba31755263a1313b6f1b538ac218998"

[conda-packages.macos-x64."sigtool-codesign-0.1.3-h8c25ef7_1"]
url = "https://conda.anaconda.org/conda-forge/osx-64/sigtool-codesign-0.1.3-h8c25ef7_1.conda"
checksum = "sha256:37aac42f05e21b48a3b61b28ae624ed5a3d2acfcbaabf2cd10ef7762c4fb4c45"

[conda-packages.macos-x64."tapi-1600.0.11.8-h44950e2_3"]
url = "https://conda.anaconda.org/conda-forge/osx-64/tapi-1600.0.11.8-h44950e2_3.conda"
checksum = "sha256:ec381e40cf1caf8496265bbf14ca0d2cb947495cd3e9069947e2fa75f7de7b3b"

[conda-packages.macos-x64."zstd-1.5.7-hbc1a06c_7"]
url = "https://conda.anaconda.org/conda-forge/osx-64/zstd-1.5.7-hbc1a06c_7.conda"
checksum = "sha256:5277886d9704a624dc9b79ac985861e1e431bdb39a57c082507ab577a138ec6c"

[[tools."aqua:cargo-bins/cargo-binstall"]]
version = "1.21.0"
backend = "aqua:cargo-bins/cargo-binstall"

[tools."aqua:cargo-bins/cargo-binstall"."platforms.linux-arm64"]
checksum = "sha256:31f0564854bd031f20c9abfe33312ea630e6a06a2f6d6309b54b5649608f55be"
url = "https://github.com/cargo-bins/cargo-binstall/releases/download/v1.21.0/cargo-binstall-aarch64-unknown-linux-musl.tgz"
url_api = "https://api.github.com/repos/cargo-bins/cargo-binstall/releases/assets/476613087"
provenance = "github-attestations"

[tools."aqua:cargo-bins/cargo-binstall"."platforms.linux-x64"]
checksum = "sha256:b1880b3631d1ff0fd1f286a0d20f82f373355651f9fbd7f4d0d7fbfe218bf562"
url = "https://github.com/cargo-bins/cargo-binstall/releases/download/v1.21.0/cargo-binstall-x86_64-unknown-linux-musl.tgz"
url_api = "https://api.github.com/repos/cargo-bins/cargo-binstall/releases/assets/476612736"
provenance = "github-attestations"

[tools."aqua:cargo-bins/cargo-binstall"."platforms.macos-arm64"]
checksum = "sha256:e44737132b2d0543e72a6f128307ebbf204b171f57b2ea9db55b8bbe54b6b632"
url = "https://github.com/cargo-bins/cargo-binstall/releases/download/v1.21.0/cargo-binstall-aarch64-apple-darwin.zip"
url_api = "https://api.github.com/repos/cargo-bins/cargo-binstall/releases/assets/476613286"
provenance = "github-attestations"

[tools."aqua:cargo-bins/cargo-binstall"."platforms.macos-x64"]
checksum = "sha256:ad7cd72d8074ef613ab392cae291c7c8bcc25a4f6690e726ed665ded8640871e"
url = "https://github.com/cargo-bins/cargo-binstall/releases/download/v1.21.0/cargo-binstall-x86_64-apple-darwin.zip"
url_api = "https://api.github.com/repos/cargo-bins/cargo-binstall/releases/assets/476612855"
provenance = "github-attestations"

[[tools."aqua:rust-lang/rustup"]]
version = "1.28.2"
backend = "aqua:rust-lang/rustup"

[tools."aqua:rust-lang/rustup"."platforms.linux-arm64"]
checksum = "sha256:e3853c5a252fca15252d07cb23a1bdd9377a8c6f3efa01531109281ae47f841c"
url = "https://static.rust-lang.org/rustup/archive/1.28.2/aarch64-unknown-linux-gnu/rustup-init"

[tools."aqua:rust-lang/rustup"."platforms.linux-x64"]
checksum = "sha256:20a06e644b0d9bd2fbdbfd52d42540bdde820ea7df86e92e533c073da0cdd43c"
url = "https://static.rust-lang.org/rustup/archive/1.28.2/x86_64-unknown-linux-gnu/rustup-init"

[tools."aqua:rust-lang/rustup"."platforms.macos-arm64"]
checksum = "sha256:20ef5516c31b1ac2290084199ba77dbbcaa1406c45c1d978ca68558ef5964ef5"
url = "https://static.rust-lang.org/rustup/archive/1.28.2/aarch64-apple-darwin/rustup-init"

[tools."aqua:rust-lang/rustup"."platforms.macos-x64"]
checksum = "sha256:9c331076f62b4d0edeae63d9d1c9442d5fe39b37b05025ec8d41c5ed35486496"
url = "https://static.rust-lang.org/rustup/archive/1.28.2/x86_64-apple-darwin/rustup-init"

[[tools."cargo:cargo-nextest"]]
version = "0.9.140"
backend = "cargo:cargo-nextest"

[[tools."cargo:wasm-pack"]]
version = "0.15.0"
backend = "cargo:wasm-pack"

[[tools."conda:clangxx"]]
version = "21.1.8"
backend = "conda:clangxx"

[tools."conda:clangxx".options]
channel = "conda-forge"

[tools."conda:clangxx"."platforms.linux-arm64"]
checksum = "sha256:df2ae4302cbd8e023f4718fba2d1f9d8b5c26beae762dd14944ecef6accff6a0"
url = "https://conda.anaconda.org/conda-forge/linux-aarch64/clangxx-21.1.8-default_cfg_h710bdcc_5.conda"
conda_deps = [
    "clang-21.1.8-default_cfg_h710bdcc_5",
    "clang_impl_linux-aarch64-21.1.8-default_h78643bd_5",
    "clang-21-21.1.8-default_hd3644b0_5",
    "libllvm21-21.1.8-hfd2ba90_0",
    "libclang-cpp21.1-21.1.8-default_hd3644b0_5",
    "clangxx_impl_linux-aarch64-21.1.8-default_h78643bd_5",
    "libstdcxx-devel_linux-aarch64-16.1.0-h2445e1f_102",
    "binutils-2.46.1-default_hf1166c9_102",
    "libgcc-devel_linux-aarch64-16.1.0-hd673532_102",
    "llvm-openmp-22.1.8-he40846f_0",
    "sysroot_linux-aarch64-2.28-h585391f_9",
    "kernel-headers_linux-aarch64-4.18.0-h05a177a_9",
    "binutils_impl_linux-aarch64-2.46.1-default_h5f4c503_102",
    "ld_impl_linux-aarch64-2.46.1-default_h1979696_102",
    "compiler-rt21-21.1.8-hfefdfc9_1",
    "compiler-rt-21.1.8-h8af1aa0_1",
    "libcompiler-rt-21.1.8-hfefdfc9_1",
    "libgcc-16.1.0-h205dda4_2",
    "libstdcxx-16.1.0-hef695bb_2",
    "compiler-rt_linux-aarch64-21.1.8-h8af1aa0_1",
    "compiler-rt21_linux-aarch64-21.1.8-hfefdfc9_1",
    "tzdata-2026c-h151e31d_0",
    "zstd-1.5.7-h9d15635_7",
    "_openmp_mutex-4.5-20_gnu",
    "libgomp-16.1.0-h8acb6b2_2",
    "libxml2-2.15.3-h9ba8346_0",
    "libxml2-16-2.15.3-h064b767_0",
    "libzlib-1.3.2-hdc9db2a_3",
    "libiconv-1.18-h1ea5142_3",
    "liblzma-5.8.3-he30d5cf_1",
]

[tools."conda:clangxx"."platforms.linux-x64"]
checksum = "sha256:e67fba304f1f890e199c9c0becb1d035ad82e17d20bb6b6264c3f7b4b76953ee"
url = "https://conda.anaconda.org/conda-forge/linux-64/clangxx-21.1.8-default_cfg_hfed155c_5.conda"
conda_deps = [
    "clang-21.1.8-default_cfg_hfed155c_5",
    "clang_impl_linux-64-21.1.8-default_hbd963a2_5",
    "clang-21-21.1.8-default_h4f0048e_5",
    "libllvm21-21.1.8-hf7376ad_0",
    "libclang-cpp21.1-21.1.8-default_h4f0048e_5",
    "clangxx_impl_linux-64-21.1.8-default_hbd963a2_5",
    "libstdcxx-devel_linux-64-16.1.0-h41cdd0d_102",
    "binutils-2.46.1-default_h4852527_102",
    "libgcc-devel_linux-64-16.1.0-h59071f9_102",
    "llvm-openmp-22.1.8-h4922eb0_0",
    "sysroot_linux-64-2.28-h4ee821c_9",
    "kernel-headers_linux-64-4.18.0-he073ed8_9",
    "binutils_impl_linux-64-2.46.1-default_hfdba357_102",
    "ld_impl_linux-64-2.46.1-default_hbd61a6d_102",
    "compiler-rt21-21.1.8-hb700be7_1",
    "compiler-rt-21.1.8-ha770c72_1",
    "libcompiler-rt-21.1.8-hb700be7_1",
    "libgcc-16.1.0-ha9f2e26_2",
    "libstdcxx-16.1.0-h934c35e_2",
    "compiler-rt_linux-64-21.1.8-ha770c72_1",
    "compiler-rt21_linux-64-21.1.8-hffcefe0_1",
    "tzdata-2026c-h151e31d_0",
    "zstd-1.5.7-hb78ec9c_7",
    "_openmp_mutex-4.5-20_gnu",
    "libgomp-16.1.0-he0feb66_2",
    "libxml2-2.15.3-h49c6c72_0",
    "libxml2-16-2.15.3-hca6bf5a_0",
    "libzlib-1.3.2-h25fd6f3_3",
    "liblzma-5.8.3-hb03c661_1",
    "icu-78.3-py310h44b86e0_2",
    "libiconv-1.18-h0cb94f2_3",
]

[tools."conda:clangxx"."platforms.macos-arm64"]
checksum = "sha256:fc7a82a19f0e90355e8c2ae5fafb66896c8f1dbe549abf443466c50e77b59e0b"
url = "https://conda.anaconda.org/conda-forge/osx-arm64/clangxx-21.1.8-default_cfg_h7f0254a_5.conda"
conda_deps = [
    "clang-21.1.8-default_cfg_h7f0254a_5",
    "llvm-tools-21.1.8-h855ad52_0",
    "clang_impl_osx-arm64-21.1.8-default_hc11f16d_5",
    "llvm-tools-21-21.1.8-h91fd4e7_0",
    "libllvm21-21.1.8-h8e0c9ce_0",
    "clangxx_impl_osx-arm64-21.1.8-default_hc11f16d_5",
    "libcxx-devel-21.1.8-h6dc3340_3",
    "cctools-1030.6.3-llvm21_1_h8e84c17_5",
    "ld64-956.6-llvm21_1_h5d6df6c_5",
    "cctools_impl_osx-arm64-1030.6.3-llvm21_1_hed50fe2_5",
    "ld64_osx-arm64-956.6-llvm21_1_h3eeb6b3_5",
    "clang-21-21.1.8-default_hc8afa7b_5",
    "libclang-cpp21.1-21.1.8-default_hc8afa7b_5",
    "llvm-openmp-22.1.8-hc7d1edf_0",
    "libcxx-22.1.8-h55c6f16_0",
    "libcxx-headers-21.1.8-h707e725_3",
    "compiler-rt21-21.1.8-h855ad52_1",
    "compiler-rt-21.1.8-hce30654_1",
    "libcompiler-rt-21.1.8-h855ad52_1",
    "compiler-rt_osx-arm64-21.1.8-hce30654_1",
    "compiler-rt21_osx-arm64-21.1.8-h2514db7_1",
    "sigtool-codesign-0.1.3-h98dc951_1",
    "libsigtool-0.1.3-h98dc951_1",
    "tapi-1600.0.11.8-hb561403_3",
    "libxml2-2.15.3-heed7d32_0",
    "libxml2-16-2.15.3-h6967ea9_0",
    "zstd-1.5.7-hf451053_7",
    "libzlib-1.3.2-h8088a28_3",
    "openssl-3.6.3-hd24854e_1",
    "ncurses-6.6-he64c551_1",
    "liblzma-5.8.3-h8088a28_1",
    "libiconv-1.18-he4c29f2_3",
    "ca-certificates-2026.7.22-hbd8a1cb_0",
]

[tools."conda:clangxx"."platforms.macos-x64"]
checksum = "sha256:90902104b06ccf00f55a7d2d04017c8d49e3af2e78b083eccc4e2e8c3120c85c"
url = "https://conda.anaconda.org/conda-forge/osx-64/clangxx-21.1.8-default_cfg_he3ef750_5.conda"
conda_deps = [
    "clang-21.1.8-default_cfg_he3ef750_5",
    "llvm-tools-21.1.8-hb0207f0_0",
    "clang_impl_osx-64-21.1.8-default_ha1a018a_5",
    "llvm-tools-21-21.1.8-h879f4bc_0",
    "libllvm21-21.1.8-h56e7563_0",
    "clangxx_impl_osx-64-21.1.8-default_ha1a018a_5",
    "libcxx-devel-21.1.8-h7c275be_3",
    "cctools-1030.6.3-llvm21_1_he201b2c_5",
    "ld64-956.6-llvm21_1_h2eed689_5",
    "cctools_impl_osx-64-1030.6.3-llvm21_1_h3a5a8ea_5",
    "ld64_osx-64-956.6-llvm21_1_h1a26d5e_5",
    "clang-21-21.1.8-default_he2ff43c_5",
    "libclang-cpp21.1-21.1.8-default_he2ff43c_5",
    "llvm-openmp-22.1.8-h0d3cbff_0",
    "libcxx-22.1.8-h19cb2f5_0",
    "libcxx-headers-21.1.8-h707e725_3",
    "compiler-rt21-21.1.8-he914875_1",
    "compiler-rt-21.1.8-h694c41f_1",
    "libcompiler-rt-21.1.8-he914875_1",
    "compiler-rt_osx-64-21.1.8-h694c41f_1",
    "compiler-rt21_osx-64-21.1.8-he0f92a2_1",
    "sigtool-codesign-0.1.3-h8c25ef7_1",
    "libsigtool-0.1.3-h8c25ef7_1",
    "tapi-1600.0.11.8-h44950e2_3",
    "libzlib-1.3.2-hbb4bfdb_3",
    "libxml2-2.15.3-h0712280_0",
    "libxml2-16-2.15.3-h0d7f165_0",
    "zstd-1.5.7-hbc1a06c_7",
    "openssl-3.6.3-hc881268_1",
    "ncurses-6.6-hcc0dc9a_1",
    "liblzma-5.8.3-hbb4bfdb_1",
    "libiconv-1.18-h4ae439b_3",
    "ca-certificates-2026.7.22-hbd8a1cb_0",
]

[[tools.hk]]
version = "1.52.0"
backend = "aqua:jdx/hk"

[tools.hk."platforms.linux-arm64"]
checksum = "sha256:84504df54a3a945493eeb739d2fe6bf0eef392d74795eeb02eabadfee78a53f8"
url = "https://github.com/jdx/hk/releases/download/v1.52.0/hk-aarch64-unknown-linux-gnu.tar.gz"
url_api = "https://api.github.com/repos/jdx/hk/releases/assets/484573027"

[tools.hk."platforms.linux-x64"]
checksum = "sha256:d381ec061fda51d5765e7831757107e4c565f195b206feae6fdd298162ab8baa"
url = "https://github.com/jdx/hk/releases/download/v1.52.0/hk-x86_64-unknown-linux-gnu.tar.gz"
url_api = "https://api.github.com/repos/jdx/hk/releases/assets/484573049"

[tools.hk."platforms.macos-arm64"]
checksum = "sha256:a711ed6d6359ca3084c73e1025af4e9a158727297a8dbe308d6eab44bcad372c"
url = "https://github.com/jdx/hk/releases/download/v1.52.0/hk-aarch64-apple-darwin.tar.gz"
url_api = "https://api.github.com/repos/jdx/hk/releases/assets/484573025"

[[tools.ruff]]
version = "0.15.22"
backend = "aqua:astral-sh/ruff"

[tools.ruff."platforms.linux-arm64"]
checksum = "sha256:88feb2dc2fafb92482185201f4d483134fbaab10370c79512d3dd372f1d3f28b"
url = "https://github.com/astral-sh/ruff/releases/download/0.15.22/ruff-aarch64-unknown-linux-musl.tar.gz"
url_api = "https://api.github.com/repos/astral-sh/ruff/releases/assets/479313917"
provenance = "github-attestations"

[tools.ruff."platforms.linux-x64"]
checksum = "sha256:853462df618fb9f156a9f04d9d899d9e5a9e1a43fbffaec72df4bb159348e71b"
url = "https://github.com/astral-sh/ruff/releases/download/0.15.22/ruff-x86_64-unknown-linux-musl.tar.gz"
url_api = "https://api.github.com/repos/astral-sh/ruff/releases/assets/479314045"
provenance = "github-attestations"

[tools.ruff."platforms.macos-arm64"]
checksum = "sha256:a2881af26fd1d19f4932c4ddf1e70b4e0efcf48513c5dae082564e03f0b467a3"
url = "https://github.com/astral-sh/ruff/releases/download/0.15.22/ruff-aarch64-apple-darwin.tar.gz"
url_api = "https://api.github.com/repos/astral-sh/ruff/releases/assets/479313898"
provenance = "github-attestations"

[tools.ruff."platforms.macos-x64"]
checksum = "sha256:687a9ceb88ab85dab061026d5017218225a481121b1a40862cc8f92b56f18090"
url = "https://github.com/astral-sh/ruff/releases/download/0.15.22/ruff-x86_64-apple-darwin.tar.gz"
url_api = "https://api.github.com/repos/astral-sh/ruff/releases/assets/479314007"
provenance = "github-attestations"

[[tools.rust]]
version = "1.97.1"
backend = "core:rust"

[tools.rust.options]
components = "clippy,rustfmt"
targets = "aarch64-apple-darwin,wasm32-unknown-unknown,x86_64-unknown-linux-gnu"

[[tools.shellcheck]]
version = "0.11.0"
backend = "aqua:koalaman/shellcheck"

[tools.shellcheck."platforms.linux-arm64"]
checksum = "sha256:12b331c1d2db6b9eb13cfca64306b1b157a86eb69db83023e261eaa7e7c14588"
url = "https://github.com/koalaman/shellcheck/releases/download/v0.11.0/shellcheck-v0.11.0.linux.aarch64.tar.xz"
url_api = "https://api.github.com/repos/koalaman/shellcheck/releases/assets/279056934"

[tools.shellcheck."platforms.linux-x64"]
checksum = "sha256:8c3be12b05d5c177a04c29e3c78ce89ac86f1595681cab149b65b97c4e227198"
url = "https://github.com/koalaman/shellcheck/releases/download/v0.11.0/shellcheck-v0.11.0.linux.x86_64.tar.xz"
url_api = "https://api.github.com/repos/koalaman/shellcheck/releases/assets/279056942"

[tools.shellcheck."platforms.macos-arm64"]
checksum = "sha256:56affdd8de5527894dca6dc3d7e0a99a873b0f004d7aabc30ae407d3f48b0a79"
url = "https://github.com/koalaman/shellcheck/releases/download/v0.11.0/shellcheck-v0.11.0.darwin.aarch64.tar.xz"
url_api = "https://api.github.com/repos/koalaman/shellcheck/releases/assets/279056932"

[tools.shellcheck."platforms.macos-x64"]
checksum = "sha256:3c89db4edcab7cf1c27bff178882e0f6f27f7afdf54e859fa041fca10febe4c6"
url = "https://github.com/koalaman/shellcheck/releases/download/v0.11.0/shellcheck-v0.11.0.darwin.x86_64.tar.xz"
url_api = "https://api.github.com/repos/koalaman/shellcheck/releases/assets/279056930"

[[tools.uv]]
version = "0.11.31"
backend = "aqua:astral-sh/uv"

[tools.uv."platforms.linux-arm64"]
checksum = "sha256:49cb5ffce40cc9c85355caa8104f7b61c40a8daac7334f4bc841cad1a7bb359e"
url = "https://github.com/astral-sh/uv/releases/download/0.11.31/uv-aarch64-unknown-linux-musl.tar.gz"
url_api = "https://api.github.com/repos/astral-sh/uv/releases/assets/485371019"
provenance = "github-attestations"

[tools.uv."platforms.linux-x64"]
checksum = "sha256:89048b7e30a6c459fa7e8f2e91cfdc413dc004dcbddc6c2af5e09df123e3246d"
url = "https://github.com/astral-sh/uv/releases/download/0.11.31/uv-x86_64-unknown-linux-musl.tar.gz"
url_api = "https://api.github.com/repos/astral-sh/uv/releases/assets/485371115"
provenance = "github-attestations"

[tools.uv."platforms.macos-arm64"]
checksum = "sha256:b2b93e82a6786f9c7cb89fd4ca0e859a147b292ae8f6f95784f9742f0efec39e"
url = "https://github.com/astral-sh/uv/releases/download/0.11.31/uv-aarch64-apple-darwin.tar.gz"
url_api = "https://api.github.com/repos/astral-sh/uv/releases/assets/485371001"
provenance = "github-attestations"

[tools.uv."platforms.macos-x64"]
checksum = "sha256:33ee6bd62b57fcd77a499deb54e4432dc1e1a2f3d34930ba987ad8b43f9c7bc7"
url = "https://github.com/astral-sh/uv/releases/download/0.11.31/uv-x86_64-apple-darwin.tar.gz"
url_api = "https://api.github.com/repos/astral-sh/uv/releases/assets/485371098"
provenance = "github-attestations"
